// !$*UTF8*$!
{
	archiveVersion = 1;
	classes = {
	};
	objectVersion = 56;
	objects = {

/* Begin PBXBuildFile section */
		C73F45C2292A55B000E37F4F /* User.swift in Sources */ = {isa = PBXBuildFile; fileRef = C73F45C1292A55B000E37F4F /* User.swift */; };
		C73F45C5292B279200E37F4F /* Kingfisher in Frameworks */ = {isa = PBXBuildFile; productRef = C73F45C4292B279200E37F4F /* Kingfisher */; };
		C73F45C7292B39FB00E37F4F /* ProfileViewModel.swift in Sources */ = {isa = PBXBuildFile; fileRef = C73F45C6292B39FB00E37F4F /* ProfileViewModel.swift */; };
		C79B1A08292485BD006C228F /* ProfileView.swift in Sources */ = {isa = PBXBuildFile; fileRef = C79B1A07292485BD006C228F /* ProfileView.swift */; };
		C79B1A0A292485DD006C228F /* NotificationsView.swift in Sources */ = {isa = PBXBuildFile; fileRef = C79B1A09292485DD006C228F /* NotificationsView.swift */; };
		C79B1A0C29248697006C228F /* SearchView.swift in Sources */ = {isa = PBXBuildFile; fileRef = C79B1A0B29248697006C228F /* SearchView.swift */; };
		C79B1A0E292486AE006C228F /* FeedView.swift in Sources */ = {isa = PBXBuildFile; fileRef = C79B1A0D292486AE006C228F /* FeedView.swift */; };
		C79B1A10292486C0006C228F /* MainView.swift in Sources */ = {isa = PBXBuildFile; fileRef = C79B1A0F292486C0006C228F /* MainView.swift */; };
		C79B1A1329248832006C228F /* UploadPostView.swift in Sources */ = {isa = PBXBuildFile; fileRef = C79B1A1229248832006C228F /* UploadPostView.swift */; };
		C79B1A1529248B8F006C228F /* FeedCell.swift in Sources */ = {isa = PBXBuildFile; fileRef = C79B1A1429248B8F006C228F /* FeedCell.swift */; };
		C79B1A182924B7FE006C228F /* PostGridView.swift in Sources */ = {isa = PBXBuildFile; fileRef = C79B1A172924B7FE006C228F /* PostGridView.swift */; };
		C79B1A1A2924BBBB006C228F /* SearchBar.swift in Sources */ = {isa = PBXBuildFile; fileRef = C79B1A192924BBBB006C228F /* SearchBar.swift */; };
		C79B1A1C2924C0D4006C228F /* Extensions.swift in Sources */ = {isa = PBXBuildFile; fileRef = C79B1A1B2924C0D4006C228F /* Extensions.swift */; };
		C79B1A1E2924C2D3006C228F /* UserListView.swift in Sources */ = {isa = PBXBuildFile; fileRef = C79B1A1D2924C2D3006C228F /* UserListView.swift */; };
		C79B1A202924C302006C228F /* UserCell.swift in Sources */ = {isa = PBXBuildFile; fileRef = C79B1A1F2924C302006C228F /* UserCell.swift */; };
		C79B1A222924C750006C228F /* NotificationsCell.swift in Sources */ = {isa = PBXBuildFile; fileRef = C79B1A212924C750006C228F /* NotificationsCell.swift */; };
		C79B1A242924D43A006C228F /* ImagePicker.swift in Sources */ = {isa = PBXBuildFile; fileRef = C79B1A232924D43A006C228F /* ImagePicker.swift */; };
		C7EEAF7D29252407005E60EF /* TextArea.swift in Sources */ = {isa = PBXBuildFile; fileRef = C7EEAF7C29252407005E60EF /* TextArea.swift */; };
		C7EEAF7F29252A44005E60EF /* ProfileHeaderView.swift in Sources */ = {isa = PBXBuildFile; fileRef = C7EEAF7E29252A44005E60EF /* ProfileHeaderView.swift */; };
		C7EEAF8129252C38005E60EF /* UserStats.swift in Sources */ = {isa = PBXBuildFile; fileRef = C7EEAF8029252C38005E60EF /* UserStats.swift */; };
		C7EEAF842926695A005E60EF /* RegisterView.swift in Sources */ = {isa = PBXBuildFile; fileRef = C7EEAF832926695A005E60EF /* RegisterView.swift */; };
		C7EEAF8629266982005E60EF /* SignInView.swift in Sources */ = {isa = PBXBuildFile; fileRef = C7EEAF8529266982005E60EF /* SignInView.swift */; };
		C7EEAF8829266BAE005E60EF /* CustomTextField.swift in Sources */ = {isa = PBXBuildFile; fileRef = C7EEAF8729266BAE005E60EF /* CustomTextField.swift */; };
		C7EEAF8A29266F91005E60EF /* CustomSecureField.swift in Sources */ = {isa = PBXBuildFile; fileRef = C7EEAF8929266F91005E60EF /* CustomSecureField.swift */; };
		C7EEAF8C2926866C005E60EF /* ForgotPasswordView.swift in Sources */ = {isa = PBXBuildFile; fileRef = C7EEAF8B2926866C005E60EF /* ForgotPasswordView.swift */; };
		C7EEAF952927DDFD005E60EF /* AuthViewModel.swift in Sources */ = {isa = PBXBuildFile; fileRef = C7EEAF942927DDFD005E60EF /* AuthViewModel.swift */; };
		C7EEAF972927EAA2005E60EF /* GoogleService-Info.plist in Resources */ = {isa = PBXBuildFile; fileRef = C7EEAF962927EAA2005E60EF /* GoogleService-Info.plist */; };
		C7FF2C75292418120020FF11 /* Instagram_CloneApp.swift in Sources */ = {isa = PBXBuildFile; fileRef = C7FF2C74292418120020FF11 /* Instagram_CloneApp.swift */; };
		C7FF2C77292418120020FF11 /* ContentView.swift in Sources */ = {isa = PBXBuildFile; fileRef = C7FF2C76292418120020FF11 /* ContentView.swift */; };
		C7FF2C79292418190020FF11 /* Assets.xcassets in Resources */ = {isa = PBXBuildFile; fileRef = C7FF2C78292418190020FF11 /* Assets.xcassets */; };
		C7FF2C7C292418190020FF11 /* Preview Assets.xcassets in Resources */ = {isa = PBXBuildFile; fileRef = C7FF2C7B292418190020FF11 /* Preview Assets.xcassets */; };
		C7FF2C8929241B260020FF11 /* FirebaseAuth in Frameworks */ = {isa = PBXBuildFile; productRef = C7FF2C8829241B260020FF11 /* FirebaseAuth */; };
		C7FF2C8B29241B260020FF11 /* FirebaseDatabase in Frameworks */ = {isa = PBXBuildFile; productRef = C7FF2C8A29241B260020FF11 /* FirebaseDatabase */; };
		C7FF2C8D29241B260020FF11 /* FirebaseFirestore in Frameworks */ = {isa = PBXBuildFile; productRef = C7FF2C8C29241B260020FF11 /* FirebaseFirestore */; };
		C7FF2C8F29241B260020FF11 /* FirebaseFirestoreSwift in Frameworks */ = {isa = PBXBuildFile; productRef = C7FF2C8E29241B260020FF11 /* FirebaseFirestoreSwift */; };
		C7FF2C9129241B260020FF11 /* FirebaseStorage in Frameworks */ = {isa = PBXBuildFile; productRef = C7FF2C9029241B260020FF11 /* FirebaseStorage */; };
/* End PBXBuildFile section */

/* Begin PBXFileReference section */
		C73F45C1292A55B000E37F4F /* User.swift */ = {isa = PBXFileReference; lastKnownFileType = sourcecode.swift; path = User.swift; sourceTree = "<group>"; };
		C73F45C6292B39FB00E37F4F /* ProfileViewModel.swift */ = {isa = PBXFileReference; lastKnownFileType = sourcecode.swift; path = ProfileViewModel.swift; sourceTree = "<group>"; };
		C79B1A07292485BD006C228F /* ProfileView.swift */ = {isa = PBXFileReference; lastKnownFileType = sourcecode.swift; path = ProfileView.swift; sourceTree = "<group>"; };
		C79B1A09292485DD006C228F /* NotificationsView.swift */ = {isa = PBXFileReference; lastKnownFileType = sourcecode.swift; path = NotificationsView.swift; sourceTree = "<group>"; };
		C79B1A0B29248697006C228F /* SearchView.swift */ = {isa = PBXFileReference; lastKnownFileType = sourcecode.swift; path = SearchView.swift; sourceTree = "<group>"; };
		C79B1A0D292486AE006C228F /* FeedView.swift */ = {isa = PBXFileReference; lastKnownFileType = sourcecode.swift; path = FeedView.swift; sourceTree = "<group>"; };
		C79B1A0F292486C0006C228F /* MainView.swift */ = {isa = PBXFileReference; lastKnownFileType = sourcecode.swift; path = MainView.swift; sourceTree = "<group>"; };
		C79B1A1229248832006C228F /* UploadPostView.swift */ = {isa = PBXFileReference; lastKnownFileType = sourcecode.swift; path = UploadPostView.swift; sourceTree = "<group>"; };
		C79B1A1429248B8F006C228F /* FeedCell.swift */ = {isa = PBXFileReference; lastKnownFileType = sourcecode.swift; path = FeedCell.swift; sourceTree = "<group>"; };
		C79B1A172924B7FE006C228F /* PostGridView.swift */ = {isa = PBXFileReference; lastKnownFileType = sourcecode.swift; path = PostGridView.swift; sourceTree = "<group>"; };
		C79B1A192924BBBB006C228F /* SearchBar.swift */ = {isa = PBXFileReference; lastKnownFileType = sourcecode.swift; path = SearchBar.swift; sourceTree = "<group>"; };
		C79B1A1B2924C0D4006C228F /* Extensions.swift */ = {isa = PBXFileReference; lastKnownFileType = sourcecode.swift; path = Extensions.swift; sourceTree = "<group>"; };
		C79B1A1D2924C2D3006C228F /* UserListView.swift */ = {isa = PBXFileReference; lastKnownFileType = sourcecode.swift; path = UserListView.swift; sourceTree = "<group>"; };
		C79B1A1F2924C302006C228F /* UserCell.swift */ = {isa = PBXFileReference; lastKnownFileType = sourcecode.swift; path = UserCell.swift; sourceTree = "<group>"; };
		C79B1A212924C750006C228F /* NotificationsCell.swift */ = {isa = PBXFileReference; lastKnownFileType = sourcecode.swift; path = NotificationsCell.swift; sourceTree = "<group>"; };
		C79B1A232924D43A006C228F /* ImagePicker.swift */ = {isa = PBXFileReference; lastKnownFileType = sourcecode.swift; path = ImagePicker.swift; sourceTree = "<group>"; };
		C7EEAF7C29252407005E60EF /* TextArea.swift */ = {isa = PBXFileReference; lastKnownFileType = sourcecode.swift; path = TextArea.swift; sourceTree = "<group>"; };
		C7EEAF7E29252A44005E60EF /* ProfileHeaderView.swift */ = {isa = PBXFileReference; lastKnownFileType = sourcecode.swift; path = ProfileHeaderView.swift; sourceTree = "<group>"; };
		C7EEAF8029252C38005E60EF /* UserStats.swift */ = {isa = PBXFileReference; lastKnownFileType = sourcecode.swift; path = UserStats.swift; sourceTree = "<group>"; };
		C7EEAF832926695A005E60EF /* RegisterView.swift */ = {isa = PBXFileReference; lastKnownFileType = sourcecode.swift; path = RegisterView.swift; sourceTree = "<group>"; };
		C7EEAF8529266982005E60EF /* SignInView.swift */ = {isa = PBXFileReference; lastKnownFileType = sourcecode.swift; path = SignInView.swift; sourceTree = "<group>"; };
		C7EEAF8729266BAE005E60EF /* CustomTextField.swift */ = {isa = PBXFileReference; lastKnownFileType = sourcecode.swift; path = CustomTextField.swift; sourceTree = "<group>"; };
		C7EEAF8929266F91005E60EF /* CustomSecureField.swift */ = {isa = PBXFileReference; lastKnownFileType = sourcecode.swift; path = CustomSecureField.swift; sourceTree = "<group>"; };
		C7EEAF8B2926866C005E60EF /* ForgotPasswordView.swift */ = {isa = PBXFileReference; lastKnownFileType = sourcecode.swift; path = ForgotPasswordView.swift; sourceTree = "<group>"; };
		C7EEAF942927DDFD005E60EF /* AuthViewModel.swift */ = {isa = PBXFileReference; lastKnownFileType = sourcecode.swift; path = AuthViewModel.swift; sourceTree = "<group>"; };
		C7EEAF962927EAA2005E60EF /* GoogleService-Info.plist */ = {isa = PBXFileReference; fileEncoding = 4; lastKnownFileType = text.plist.xml; path = "GoogleService-Info.plist"; sourceTree = "<group>"; };
		C7FF2C71292418120020FF11 /* Instagram_Clone.app */ = {isa = PBXFileReference; explicitFileType = wrapper.application; includeInIndex = 0; path = Instagram_Clone.app; sourceTree = BUILT_PRODUCTS_DIR; };
		C7FF2C74292418120020FF11 /* Instagram_CloneApp.swift */ = {isa = PBXFileReference; lastKnownFileType = sourcecode.swift; path = Instagram_CloneApp.swift; sourceTree = "<group>"; };
		C7FF2C76292418120020FF11 /* ContentView.swift */ = {isa = PBXFileReference; lastKnownFileType = sourcecode.swift; path = ContentView.swift; sourceTree = "<group>"; };
		C7FF2C78292418190020FF11 /* Assets.xcassets */ = {isa = PBXFileReference; lastKnownFileType = folder.assetcatalog; path = Assets.xcassets; sourceTree = "<group>"; };
		C7FF2C7B292418190020FF11 /* Preview Assets.xcassets */ = {isa = PBXFileReference; lastKnownFileType = folder.assetcatalog; path = "Preview Assets.xcassets"; sourceTree = "<group>"; };
/* End PBXFileReference section */

/* Begin PBXFrameworksBuildPhase section */
		C7FF2C6E292418120020FF11 /* Frameworks */ = {
			isa = PBXFrameworksBuildPhase;
			buildActionMask = 2147483647;
			files = (
				C73F45C5292B279200E37F4F /* Kingfisher in Frameworks */,
				C7FF2C8B29241B260020FF11 /* FirebaseDatabase in Frameworks */,
				C7FF2C8929241B260020FF11 /* FirebaseAuth in Frameworks */,
				C7FF2C8D29241B260020FF11 /* FirebaseFirestore in Frameworks */,
				C7FF2C9129241B260020FF11 /* FirebaseStorage in Frameworks */,
				C7FF2C8F29241B260020FF11 /* FirebaseFirestoreSwift in Frameworks */,
			);
			runOnlyForDeploymentPostprocessing = 0;
		};
/* End PBXFrameworksBuildPhase section */

/* Begin PBXGroup section */
		C73F45C3292B279200E37F4F /* Frameworks */ = {
			isa = PBXGroup;
			children = (
			);
			name = Frameworks;
			sourceTree = "<group>";
		};
		C79B1A02292484AF006C228F /* Main */ = {
			isa = PBXGroup;
			children = (
				C79B1A0F292486C0006C228F /* MainView.swift */,
				C7FF2C76292418120020FF11 /* ContentView.swift */,
			);
			path = Main;
			sourceTree = "<group>";
		};
		C79B1A03292484C2006C228F /* Feed */ = {
			isa = PBXGroup;
			children = (
				C79B1A0D292486AE006C228F /* FeedView.swift */,
				C79B1A1429248B8F006C228F /* FeedCell.swift */,
			);
			path = Feed;
			sourceTree = "<group>";
		};
		C79B1A04292484DC006C228F /* Search */ = {
			isa = PBXGroup;
			children = (
				C79B1A0B29248697006C228F /* SearchView.swift */,
				C79B1A192924BBBB006C228F /* SearchBar.swift */,
			);
			path = Search;
			sourceTree = "<group>";
		};
		C79B1A0529248507006C228F /* Notifications */ = {
			isa = PBXGroup;
			children = (
				C79B1A09292485DD006C228F /* NotificationsView.swift */,
				C79B1A212924C750006C228F /* NotificationsCell.swift */,
			);
			path = Notifications;
			sourceTree = "<group>";
		};
		C79B1A0629248522006C228F /* Profile */ = {
			isa = PBXGroup;
			children = (
				C79B1A07292485BD006C228F /* ProfileView.swift */,
				C7EEAF7E29252A44005E60EF /* ProfileHeaderView.swift */,
				C7EEAF8029252C38005E60EF /* UserStats.swift */,
			);
			path = Profile;
			sourceTree = "<group>";
		};
		C79B1A1129248807006C228F /* UploadPost */ = {
			isa = PBXGroup;
			children = (
				C79B1A1229248832006C228F /* UploadPostView.swift */,
			);
			path = UploadPost;
			sourceTree = "<group>";
		};
		C79B1A162924B7CE006C228F /* Items */ = {
			isa = PBXGroup;
			children = (
				C79B1A172924B7FE006C228F /* PostGridView.swift */,
				C79B1A1D2924C2D3006C228F /* UserListView.swift */,
				C79B1A1F2924C302006C228F /* UserCell.swift */,
				C7EEAF7C29252407005E60EF /* TextArea.swift */,
			);
			path = Items;
			sourceTree = "<group>";
		};
		C7EEAF822926690B005E60EF /* Authentication */ = {
			isa = PBXGroup;
			children = (
				C7EEAF832926695A005E60EF /* RegisterView.swift */,
				C7EEAF8529266982005E60EF /* SignInView.swift */,
				C7EEAF8B2926866C005E60EF /* ForgotPasswordView.swift */,
			);
			path = Authentication;
			sourceTree = "<group>";
		};
		C7EEAF8F2927DD11005E60EF /* Authentication */ = {
			isa = PBXGroup;
			children = (
				C7EEAF942927DDFD005E60EF /* AuthViewModel.swift */,
			);
			path = Authentication;
			sourceTree = "<group>";
		};
		C7EEAF902927DD3E005E60EF /* Feed */ = {
			isa = PBXGroup;
			children = (
			);
			path = Feed;
			sourceTree = "<group>";
		};
		C7EEAF912927DD62005E60EF /* Search */ = {
			isa = PBXGroup;
			children = (
			);
			path = Search;
			sourceTree = "<group>";
		};
		C7EEAF922927DD87005E60EF /* Upload */ = {
			isa = PBXGroup;
			children = (
			);
			path = Upload;
			sourceTree = "<group>";
		};
		C7EEAF932927DDA4005E60EF /* Profile */ = {
			isa = PBXGroup;
			children = (
				C73F45C6292B39FB00E37F4F /* ProfileViewModel.swift */,
			);
			path = Profile;
			sourceTree = "<group>";
		};
		C7FF2C68292418120020FF11 = {
			isa = PBXGroup;
			children = (
				C7FF2C73292418120020FF11 /* Instagram_Clone */,
				C7FF2C72292418120020FF11 /* Products */,
				C73F45C3292B279200E37F4F /* Frameworks */,
			);
			sourceTree = "<group>";
		};
		C7FF2C72292418120020FF11 /* Products */ = {
			isa = PBXGroup;
			children = (
				C7FF2C71292418120020FF11 /* Instagram_Clone.app */,
			);
			name = Products;
			sourceTree = "<group>";
		};
		C7FF2C73292418120020FF11 /* Instagram_Clone */ = {
			isa = PBXGroup;
			children = (
				C7FF2C86292418B30020FF11 /* API */,
				C7FF2C85292418A60020FF11 /* Utils */,
				C7FF2C842924188B0020FF11 /* Model */,
				C7FF2C83292418780020FF11 /* ViewModel */,
				C7FF2C82292418670020FF11 /* View */,
				C7FF2C74292418120020FF11 /* Instagram_CloneApp.swift */,
				C7FF2C78292418190020FF11 /* Assets.xcassets */,
				C7EEAF962927EAA2005E60EF /* GoogleService-Info.plist */,
				C7FF2C7A292418190020FF11 /* Preview Content */,
			);
			path = Instagram_Clone;
			sourceTree = "<group>";
		};
		C7FF2C7A292418190020FF11 /* Preview Content */ = {
			isa = PBXGroup;
			children = (
				C7FF2C7B292418190020FF11 /* Preview Assets.xcassets */,
			);
			path = "Preview Content";
			sourceTree = "<group>";
		};
		C7FF2C82292418670020FF11 /* View */ = {
			isa = PBXGroup;
			children = (
				C7EEAF822926690B005E60EF /* Authentication */,
				C79B1A162924B7CE006C228F /* Items */,
				C79B1A1129248807006C228F /* UploadPost */,
				C79B1A0629248522006C228F /* Profile */,
				C79B1A0529248507006C228F /* Notifications */,
				C79B1A04292484DC006C228F /* Search */,
				C79B1A03292484C2006C228F /* Feed */,
				C79B1A02292484AF006C228F /* Main */,
			);
			path = View;
			sourceTree = "<group>";
		};
		C7FF2C83292418780020FF11 /* ViewModel */ = {
			isa = PBXGroup;
			children = (
				C7EEAF932927DDA4005E60EF /* Profile */,
				C7EEAF922927DD87005E60EF /* Upload */,
				C7EEAF912927DD62005E60EF /* Search */,
				C7EEAF902927DD3E005E60EF /* Feed */,
				C7EEAF8F2927DD11005E60EF /* Authentication */,
			);
			path = ViewModel;
			sourceTree = "<group>";
		};
		C7FF2C842924188B0020FF11 /* Model */ = {
			isa = PBXGroup;
			children = (
				C73F45C1292A55B000E37F4F /* User.swift */,
			);
			path = Model;
			sourceTree = "<group>";
		};
		C7FF2C85292418A60020FF11 /* Utils */ = {
			isa = PBXGroup;
			children = (
				C79B1A1B2924C0D4006C228F /* Extensions.swift */,
				C79B1A232924D43A006C228F /* ImagePicker.swift */,
				C7EEAF8729266BAE005E60EF /* CustomTextField.swift */,
				C7EEAF8929266F91005E60EF /* CustomSecureField.swift */,
			);
			path = Utils;
			sourceTree = "<group>";
		};
		C7FF2C86292418B30020FF11 /* API */ = {
			isa = PBXGroup;
			children = (
			);
			path = API;
			sourceTree = "<group>";
		};
/* End PBXGroup section */

/* Begin PBXNativeTarget section */
		C7FF2C70292418120020FF11 /* Instagram_Clone */ = {
			isa = PBXNativeTarget;
			buildConfigurationList = C7FF2C7F292418190020FF11 /* Build configuration list for PBXNativeTarget "Instagram_Clone" */;
			buildPhases = (
				C7FF2C6D292418120020FF11 /* Sources */,
				C7FF2C6E292418120020FF11 /* Frameworks */,
				C7FF2C6F292418120020FF11 /* Resources */,
			);
			buildRules = (
			);
			dependencies = (
			);
			name = Instagram_Clone;
			packageProductDependencies = (
				C7FF2C8829241B260020FF11 /* FirebaseAuth */,
				C7FF2C8A29241B260020FF11 /* FirebaseDatabase */,
				C7FF2C8C29241B260020FF11 /* FirebaseFirestore */,
				C7FF2C8E29241B260020FF11 /* FirebaseFirestoreSwift */,
				C7FF2C9029241B260020FF11 /* FirebaseStorage */,
				C73F45C4292B279200E37F4F /* Kingfisher */,
			);
			productName = Instagram_Clone;
			productReference = C7FF2C71292418120020FF11 /* Instagram_Clone.app */;
			productType = "com.apple.product-type.application";
		};
/* End PBXNativeTarget section */

/* Begin PBXProject section */
		C7FF2C69292418120020FF11 /* Project object */ = {
			isa = PBXProject;
			attributes = {
				BuildIndependentTargetsInParallel = 1;
				LastSwiftUpdateCheck = 1410;
				LastUpgradeCheck = 1410;
				TargetAttributes = {
					C7FF2C70292418120020FF11 = {
						CreatedOnToolsVersion = 14.1;
					};
				};
			};
			buildConfigurationList = C7FF2C6C292418120020FF11 /* Build configuration list for PBXProject "Instagram_Clone" */;
			compatibilityVersion = "Xcode 14.0";
			developmentRegion = en;
			hasScannedForEncodings = 0;
			knownRegions = (
				en,
				Base,
			);
			mainGroup = C7FF2C68292418120020FF11;
			packageReferences = (
				C7FF2C8729241B260020FF11 /* XCRemoteSwiftPackageReference "firebase-ios-sdk" */,
				C7FF2C9229241BDB0020FF11 /* XCRemoteSwiftPackageReference "Kingfisher" */,
			);
			productRefGroup = C7FF2C72292418120020FF11 /* Products */;
			projectDirPath = "";
			projectRoot = "";
			targets = (
				C7FF2C70292418120020FF11 /* Instagram_Clone */,
			);
		};
/* End PBXProject section */

/* Begin PBXResourcesBuildPhase section */
		C7FF2C6F292418120020FF11 /* Resources */ = {
			isa = PBXResourcesBuildPhase;
			buildActionMask = 2147483647;
			files = (
				C7FF2C7C292418190020FF11 /* Preview Assets.xcassets in Resources */,
				C7EEAF972927EAA2005E60EF /* GoogleService-Info.plist in Resources */,
				C7FF2C79292418190020FF11 /* Assets.xcassets in Resources */,
			);
			runOnlyForDeploymentPostprocessing = 0;
		};
/* End PBXResourcesBuildPhase section */

/* Begin PBXSourcesBuildPhase section */
		C7FF2C6D292418120020FF11 /* Sources */ = {
			isa = PBXSourcesBuildPhase;
			buildActionMask = 2147483647;
			files = (
				C73F45C2292A55B000E37F4F /* User.swift in Sources */,
				C79B1A0C29248697006C228F /* SearchView.swift in Sources */,
				C7EEAF842926695A005E60EF /* RegisterView.swift in Sources */,
				C73F45C7292B39FB00E37F4F /* ProfileViewModel.swift in Sources */,
				C79B1A10292486C0006C228F /* MainView.swift in Sources */,
				C7FF2C77292418120020FF11 /* ContentView.swift in Sources */,
				C79B1A08292485BD006C228F /* ProfileView.swift in Sources */,
				C7FF2C75292418120020FF11 /* Instagram_CloneApp.swift in Sources */,
				C79B1A1329248832006C228F /* UploadPostView.swift in Sources */,
				C79B1A202924C302006C228F /* UserCell.swift in Sources */,
				C79B1A0E292486AE006C228F /* FeedView.swift in Sources */,
				C79B1A1C2924C0D4006C228F /* Extensions.swift in Sources */,
				C7EEAF8C2926866C005E60EF /* ForgotPasswordView.swift in Sources */,
				C79B1A0A292485DD006C228F /* NotificationsView.swift in Sources */,
				C7EEAF7D29252407005E60EF /* TextArea.swift in Sources */,
				C7EEAF8829266BAE005E60EF /* CustomTextField.swift in Sources */,
				C79B1A222924C750006C228F /* NotificationsCell.swift in Sources */,
				C79B1A182924B7FE006C228F /* PostGridView.swift in Sources */,
				C7EEAF8129252C38005E60EF /* UserStats.swift in Sources */,
				C7EEAF8629266982005E60EF /* SignInView.swift in Sources */,
				C7EEAF7F29252A44005E60EF /* ProfileHeaderView.swift in Sources */,
				C79B1A1A2924BBBB006C228F /* SearchBar.swift in Sources */,
				C7EEAF952927DDFD005E60EF /* AuthViewModel.swift in Sources */,
				C7EEAF8A29266F91005E60EF /* CustomSecureField.swift in Sources */,
				C79B1A242924D43A006C228F /* ImagePicker.swift in Sources */,
				C79B1A1529248B8F006C228F /* FeedCell.swift in Sources */,
				C79B1A1E2924C2D3006C228F /* UserListView.swift in Sources */,
			);
			runOnlyForDeploymentPostprocessing = 0;
		};
/* End PBXSourcesBuildPhase section */

/* Begin XCBuildConfiguration section */
		C7FF2C7D292418190020FF11 /* Debug */ = {
			isa = XCBuildConfiguration;
			buildSettings = {
				ALWAYS_SEARCH_USER_PATHS = NO;
				CLANG_ANALYZER_NONNULL = YES;
				CLANG_ANALYZER_NUMBER_OBJECT_CONVERSION = YES_AGGRESSIVE;
				CLANG_CXX_LANGUAGE_STANDARD = "gnu++20";
				CLANG_ENABLE_MODULES = YES;
				CLANG_ENABLE_OBJC_ARC = YES;
				CLANG_ENABLE_OBJC_WEAK = YES;
				CLANG_WARN_BLOCK_CAPTURE_AUTORELEASING = YES;
				CLANG_WARN_BOOL_CONVERSION = YES;
				CLANG_WARN_COMMA = YES;
				CLANG_WARN_CONSTANT_CONVERSION = YES;
				CLANG_WARN_DEPRECATED_OBJC_IMPLEMENTATIONS = YES;
				CLANG_WARN_DIRECT_OBJC_ISA_USAGE = YES_ERROR;
				CLANG_WARN_DOCUMENTATION_COMMENTS = YES;
				CLANG_WARN_EMPTY_BODY = YES;
				CLANG_WARN_ENUM_CONVERSION = YES;
				CLANG_WARN_INFINITE_RECURSION = YES;
				CLANG_WARN_INT_CONVERSION = YES;
				CLANG_WARN_NON_LITERAL_NULL_CONVERSION = YES;
				CLANG_WARN_OBJC_IMPLICIT_RETAIN_SELF = YES;
				CLANG_WARN_OBJC_LITERAL_CONVERSION = YES;
				CLANG_WARN_OBJC_ROOT_CLASS = YES_ERROR;
				CLANG_WARN_QUOTED_INCLUDE_IN_FRAMEWORK_HEADER = YES;
				CLANG_WARN_RANGE_LOOP_ANALYSIS = YES;
				CLANG_WARN_STRICT_PROTOTYPES = YES;
				CLANG_WARN_SUSPICIOUS_MOVE = YES;
				CLANG_WARN_UNGUARDED_AVAILABILITY = YES_AGGRESSIVE;
				CLANG_WARN_UNREACHABLE_CODE = YES;
				CLANG_WARN__DUPLICATE_METHOD_MATCH = YES;
				COPY_PHASE_STRIP = NO;
				DEBUG_INFORMATION_FORMAT = dwarf;
				ENABLE_STRICT_OBJC_MSGSEND = YES;
				ENABLE_TESTABILITY = YES;
				GCC_C_LANGUAGE_STANDARD = gnu11;
				GCC_DYNAMIC_NO_PIC = NO;
				GCC_NO_COMMON_BLOCKS = YES;
				GCC_OPTIMIZATION_LEVEL = 0;
				GCC_PREPROCESSOR_DEFINITIONS = (
					"DEBUG=1",
					"$(inherited)",
				);
				GCC_WARN_64_TO_32_BIT_CONVERSION = YES;
				GCC_WARN_ABOUT_RETURN_TYPE = YES_ERROR;
				GCC_WARN_UNDECLARED_SELECTOR = YES;
				GCC_WARN_UNINITIALIZED_AUTOS = YES_AGGRESSIVE;
				GCC_WARN_UNUSED_FUNCTION = YES;
				GCC_WARN_UNUSED_VARIABLE = YES;
				IPHONEOS_DEPLOYMENT_TARGET = 16.1;
				MTL_ENABLE_DEBUG_INFO = INCLUDE_SOURCE;
				MTL_FAST_MATH = YES;
				ONLY_ACTIVE_ARCH = YES;
				SDKROOT = iphoneos;
				SWIFT_ACTIVE_COMPILATION_CONDITIONS = DEBUG;
				SWIFT_OPTIMIZATION_LEVEL = "-Onone";
			};
			name = Debug;
		};
		C7FF2C7E292418190020FF11 /* Release */ = {
			isa = XCBuildConfiguration;
			buildSettings = {
				ALWAYS_SEARCH_USER_PATHS = NO;
				CLANG_ANALYZER_NONNULL = YES;
				CLANG_ANALYZER_NUMBER_OBJECT_CONVERSION = YES_AGGRESSIVE;
				CLANG_CXX_LANGUAGE_STANDARD = "gnu++20";
				CLANG_ENABLE_MODULES = YES;
				CLANG_ENABLE_OBJC_ARC = YES;
				CLANG_ENABLE_OBJC_WEAK = YES;
				CLANG_WARN_BLOCK_CAPTURE_AUTORELEASING = YES;
				CLANG_WARN_BOOL_CONVERSION = YES;
				CLANG_WARN_COMMA = YES;
				CLANG_WARN_CONSTANT_CONVERSION = YES;
				CLANG_WARN_DEPRECATED_OBJC_IMPLEMENTATIONS = YES;
				CLANG_WARN_DIRECT_OBJC_ISA_USAGE = YES_ERROR;
				CLANG_WARN_DOCUMENTATION_COMMENTS = YES;
				CLANG_WARN_EMPTY_BODY = YES;
				CLANG_WARN_ENUM_CONVERSION = YES;
				CLANG_WARN_INFINITE_RECURSION = YES;
				CLANG_WARN_INT_CONVERSION = YES;
				CLANG_WARN_NON_LITERAL_NULL_CONVERSION = YES;
				CLANG_WARN_OBJC_IMPLICIT_RETAIN_SELF = YES;
				CLANG_WARN_OBJC_LITERAL_CONVERSION = YES;
				CLANG_WARN_OBJC_ROOT_CLASS = YES_ERROR;
				CLANG_WARN_QUOTED_INCLUDE_IN_FRAMEWORK_HEADER = YES;
				CLANG_WARN_RANGE_LOOP_ANALYSIS = YES;
				CLANG_WARN_STRICT_PROTOTYPES = YES;
				CLANG_WARN_SUSPICIOUS_MOVE = YES;
				CLANG_WARN_UNGUARDED_AVAILABILITY = YES_AGGRESSIVE;
				CLANG_WARN_UNREACHABLE_CODE = YES;
				CLANG_WARN__DUPLICATE_METHOD_MATCH = YES;
				COPY_PHASE_STRIP = NO;
				DEBUG_INFORMATION_FORMAT = "dwarf-with-dsym";
				ENABLE_NS_ASSERTIONS = NO;
				ENABLE_STRICT_OBJC_MSGSEND = YES;
				GCC_C_LANGUAGE_STANDARD = gnu11;
				GCC_NO_COMMON_BLOCKS = YES;
				GCC_WARN_64_TO_32_BIT_CONVERSION = YES;
				GCC_WARN_ABOUT_RETURN_TYPE = YES_ERROR;
				GCC_WARN_UNDECLARED_SELECTOR = YES;
				GCC_WARN_UNINITIALIZED_AUTOS = YES_AGGRESSIVE;
				GCC_WARN_UNUSED_FUNCTION = YES;
				GCC_WARN_UNUSED_VARIABLE = YES;
				IPHONEOS_DEPLOYMENT_TARGET = 16.1;
				MTL_ENABLE_DEBUG_INFO = NO;
				MTL_FAST_MATH = YES;
				SDKROOT = iphoneos;
				SWIFT_COMPILATION_MODE = wholemodule;
				SWIFT_OPTIMIZATION_LEVEL = "-O";
				VALIDATE_PRODUCT = YES;
			};
			name = Release;
		};
		C7FF2C80292418190020FF11 /* Debug */ = {
			isa = XCBuildConfiguration;
			buildSettings = {
				ASSETCATALOG_COMPILER_APPICON_NAME = AppIcon;
				ASSETCATALOG_COMPILER_GLOBAL_ACCENT_COLOR_NAME = AccentColor;
				CODE_SIGN_STYLE = Automatic;
				CURRENT_PROJECT_VERSION = 1;
				DEVELOPMENT_ASSET_PATHS = "\"Instagram_Clone/Preview Content\"";
				DEVELOPMENT_TEAM = Q8F87T5MX8;
				ENABLE_PREVIEWS = YES;
				GENERATE_INFOPLIST_FILE = YES;
				INFOPLIST_KEY_UIApplicationSceneManifest_Generation = YES;
				INFOPLIST_KEY_UIApplicationSupportsIndirectInputEvents = YES;
				INFOPLIST_KEY_UILaunchScreen_Generation = YES;
				INFOPLIST_KEY_UISupportedInterfaceOrientations_iPad = "UIInterfaceOrientationPortrait UIInterfaceOrientationPortraitUpsideDown UIInterfaceOrientationLandscapeLeft UIInterfaceOrientationLandscapeRight";
				INFOPLIST_KEY_UISupportedInterfaceOrientations_iPhone = "UIInterfaceOrientationPortrait UIInterfaceOrientationLandscapeLeft UIInterfaceOrientationLandscapeRight";
				LD_RUNPATH_SEARCH_PATHS = (
					"$(inherited)",
					"@executable_path/Frameworks",
				);
				MARKETING_VERSION = 1.0;
				PRODUCT_BUNDLE_IDENTIFIER = "com.icloud.ituki19990702-.Instagram-Clone";
				PRODUCT_NAME = "$(TARGET_NAME)";
				SWIFT_EMIT_LOC_STRINGS = YES;
				SWIFT_VERSION = 5.0;
				TARGETED_DEVICE_FAMILY = "1,2";
			};
			name = Debug;
		};
		C7FF2C81292418190020FF11 /* Release */ = {
			isa = XCBuildConfiguration;
			buildSettings = {
				ASSETCATALOG_COMPILER_APPICON_NAME = AppIcon;
				ASSETCATALOG_COMPILER_GLOBAL_ACCENT_COLOR_NAME = AccentColor;
				CODE_SIGN_STYLE = Automatic;
				CURRENT_PROJECT_VERSION = 1;
				DEVELOPMENT_ASSET_PATHS = "\"Instagram_Clone/Preview Content\"";
				DEVELOPMENT_TEAM = Q8F87T5MX8;
				ENABLE_PREVIEWS = YES;
				GENERATE_INFOPLIST_FILE = YES;
				INFOPLIST_KEY_UIApplicationSceneManifest_Generation = YES;
				INFOPLIST_KEY_UIApplicationSupportsIndirectInputEvents = YES;
				INFOPLIST_KEY_UILaunchScreen_Generation = YES;
				INFOPLIST_KEY_UISupportedInterfaceOrientations_iPad = "UIInterfaceOrientationPortrait UIInterfaceOrientationPortraitUpsideDown UIInterfaceOrientationLandscapeLeft UIInterfaceOrientationLandscapeRight";
				INFOPLIST_KEY_UISupportedInterfaceOrientations_iPhone = "UIInterfaceOrientationPortrait UIInterfaceOrientationLandscapeLeft UIInterfaceOrientationLandscapeRight";
				LD_RUNPATH_SEARCH_PATHS = (
					"$(inherited)",
					"@executable_path/Frameworks",
				);
				MARKETING_VERSION = 1.0;
				PRODUCT_BUNDLE_IDENTIFIER = "com.icloud.ituki19990702-.Instagram-Clone";
				PRODUCT_NAME = "$(TARGET_NAME)";
				SWIFT_EMIT_LOC_STRINGS = YES;
				SWIFT_VERSION = 5.0;
				TARGETED_DEVICE_FAMILY = "1,2";
			};
			name = Release;
		};
/* End XCBuildConfiguration section */

/* Begin XCConfigurationList section */
		C7FF2C6C292418120020FF11 /* Build configuration list for PBXProject "Instagram_Clone" */ = {
			isa = XCConfigurationList;
			buildConfigurations = (
				C7FF2C7D292418190020FF11 /* Debug */,
				C7FF2C7E292418190020FF11 /* Release */,
			);
			defaultConfigurationIsVisible = 0;
			defaultConfigurationName = Release;
		};
		C7FF2C7F292418190020FF11 /* Build configuration list for PBXNativeTarget "Instagram_Clone" */ = {
			isa = XCConfigurationList;
			buildConfigurations = (
				C7FF2C80292418190020FF11 /* Debug */,
				C7FF2C81292418190020FF11 /* Release */,
			);
			defaultConfigurationIsVisible = 0;
			defaultConfigurationName = Release;
		};
/* End XCConfigurationList section */

/* Begin XCRemoteSwiftPackageReference section */
		C7FF2C8729241B260020FF11 /* XCRemoteSwiftPackageReference "firebase-ios-sdk" */ = {
			isa = XCRemoteSwiftPackageReference;
			repositoryURL = "https://github.com/firebase/firebase-ios-sdk.git";
			requirement = {
				branch = master;
				kind = branch;
			};
		};
		C7FF2C9229241BDB0020FF11 /* XCRemoteSwiftPackageReference "Kingfisher" */ = {
			isa = XCRemoteSwiftPackageReference;
			repositoryURL = "https://github.com/onevcat/Kingfisher.git";
			requirement = {
				kind = upToNextMajorVersion;
				minimumVersion = 7.0.0;
			};
		};
/* End XCRemoteSwiftPackageReference section */

/* Begin XCSwiftPackageProductDependency section */
		C73F45C4292B279200E37F4F /* Kingfisher */ = {
			isa = XCSwiftPackageProductDependency;
			package = C7FF2C9229241BDB0020FF11 /* XCRemoteSwiftPackageReference "Kingfisher" */;
			productName = Kingfisher;
		};
		C7FF2C8829241B260020FF11 /* FirebaseAuth */ = {
			isa = XCSwiftPackageProductDependency;
			package = C7FF2C8729241B260020FF11 /* XCRemoteSwiftPackageReference "firebase-ios-sdk" */;
			productName = FirebaseAuth;
		};
		C7FF2C8A29241B260020FF11 /* FirebaseDatabase */ = {
			isa = XCSwiftPackageProductDependency;
			package = C7FF2C8729241B260020FF11 /* XCRemoteSwiftPackageReference "firebase-ios-sdk" */;
			productName = FirebaseDatabase;
		};
		C7FF2C8C29241B260020FF11 /* FirebaseFirestore */ = {
			isa = XCSwiftPackageProductDependency;
			package = C7FF2C8729241B260020FF11 /* XCRemoteSwiftPackageReference "firebase-ios-sdk" */;
			productName = FirebaseFirestore;
		};
		C7FF2C8E29241B260020FF11 /* FirebaseFirestoreSwift */ = {
			isa = XCSwiftPackageProductDependency;
			package = C7FF2C8729241B260020FF11 /* XCRemoteSwiftPackageReference "firebase-ios-sdk" */;
			productName = FirebaseFirestoreSwift;
		};
		C7FF2C9029241B260020FF11 /* FirebaseStorage */ = {
			isa = XCSwiftPackageProductDependency;
			package = C7FF2C8729241B260020FF11 /* XCRemoteSwiftPackageReference "firebase-ios-sdk" */;
			productName = FirebaseStorage;
		};
/* End XCSwiftPackageProductDependency section */
	};
	rootObject = C7FF2C69292418120020FF11 /* Project object */;
}
